
Microsoft Visual Studio Solution File, Format Version 12.00
# Visual Studio 2012
Project("{F184B08F-C81C-45F6-A57F-5ABD9991F28F}") = "Phanmemquanlymaybay", "Phanmemquanlymaybay\Phanmemquanlymaybay.vbproj", "{1DC5CD38-6C95-45B0-9637-A22B4D1F8B1D}"
EndProject
Global
	GlobalSection(SolutionConfigurationPlatforms) = preSolution
		Debug|Any CPU = Debug|Any CPU
		Release|Any CPU = Release|Any CPU
	EndGlobalSection
	GlobalSection(ProjectConfigurationPlatforms) = postSolution
		{1DC5CD38-6C95-45B0-9637-A22B4D1F8B1D}.Debug|Any CPU.ActiveCfg = Debug|Any CPU
		{1DC5CD38-6C95-45B0-9637-A22B4D1F8B1D}.Debug|Any CPU.Build.0 = Debug|Any CPU
		{1DC5CD38-6C95-45B0-9637-A22B4D1F8B1D}.Release|Any CPU.ActiveCfg = Release|Any CPU
		{1DC5CD38-6C95-45B0-9637-A22B4D1F8B1D}.Release|Any CPU.Build.0 = Release|Any CPU
	EndGlobalSection
	GlobalSection(SolutionProperties) = preSolution
		HideSolutionNode = FALSE
	EndGlobalSection
EndGlobal
